
Microsoft Visual Studio Solution File, Format Version 12.00
# Visual Studio Version 17
VisualStudioVersion = 17.4.33403.182
MinimumVisualStudioVersion = 10.0.40219.1
Project("{FAE04EC0-301F-11D3-BF4B-00C04F79EFBC}") = "ThreadsInSemaphoreSimulation", "ThreadsInSemaphoreSimulation\ThreadsInSemaphoreSimulation.csproj", "{9EB7CE90-D2E3-4E7F-AFB5-7221B327C515}"
EndProject
Global
	GlobalSection(SolutionConfigurationPlatforms) = preSolution
		Debug|Any CPU = Debug|Any CPU
		Release|Any CPU = Release|Any CPU
	EndGlobalSection
	GlobalSection(ProjectConfigurationPlatforms) = postSolution
		{9EB7CE90-D2E3-4E7F-AFB5-7221B327C515}.Debug|Any CPU.ActiveCfg = Debug|Any CPU
		{9EB7CE90-D2E3-4E7F-AFB5-7221B327C515}.Debug|Any CPU.Build.0 = Debug|Any CPU
		{9EB7CE90-D2E3-4E7F-AFB5-7221B327C515}.Release|Any CPU.ActiveCfg = Release|Any CPU
		{9EB7CE90-D2E3-4E7F-AFB5-7221B327C515}.Release|Any CPU.Build.0 = Release|Any CPU
	EndGlobalSection
	GlobalSection(SolutionProperties) = preSolution
		HideSolutionNode = FALSE
	EndGlobalSection
	GlobalSection(ExtensibilityGlobals) = postSolution
		SolutionGuid = {958BD68F-CE8B-4B93-90CE-92F14894CCA6}
	EndGlobalSection
EndGlobal
